
Microsoft Visual Studio Solution File, Format Version 12.00
# Visual Studio 14
VisualStudioVersion = 14.0.25420.1
MinimumVisualStudioVersion = 10.0.40219.1
Project("{FAE04EC0-301F-11D3-BF4B-00C04F79EFBC}") = "Lab2", "Lab2\Lab2.csproj", "{FB42A571-8F1E-45C3-96DC-F0DC426C5194}"
EndProject
Project("{FAE04EC0-301F-11D3-BF4B-00C04F79EFBC}") = "MVCTemplate", "MVCTemplate\MVCTemplate.csproj", "{EC9132F6-67A2-420C-BBF3-CCE071A7A54F}"
EndProject
Global
	GlobalSection(SolutionConfigurationPlatforms) = preSolution
		Debug|Any CPU = Debug|Any CPU
		Release|Any CPU = Release|Any CPU
	EndGlobalSection
	GlobalSection(ProjectConfigurationPlatforms) = postSolution
		{FB42A571-8F1E-45C3-96DC-F0DC426C5194}.Debug|Any CPU.ActiveCfg = Debug|Any CPU
		{FB42A571-8F1E-45C3-96DC-F0DC426C5194}.Debug|Any CPU.Build.0 = Debug|Any CPU
		{FB42A571-8F1E-45C3-96DC-F0DC426C5194}.Release|Any CPU.ActiveCfg = Release|Any CPU
		{FB42A571-8F1E-45C3-96DC-F0DC426C5194}.Release|Any CPU.Build.0 = Release|Any CPU
		{EC9132F6-67A2-420C-BBF3-CCE071A7A54F}.Debug|Any CPU.ActiveCfg = Debug|Any CPU
		{EC9132F6-67A2-420C-BBF3-CCE071A7A54F}.Debug|Any CPU.Build.0 = Debug|Any CPU
		{EC9132F6-67A2-420C-BBF3-CCE071A7A54F}.Release|Any CPU.ActiveCfg = Release|Any CPU
		{EC9132F6-67A2-420C-BBF3-CCE071A7A54F}.Release|Any CPU.Build.0 = Release|Any CPU
	EndGlobalSection
	GlobalSection(SolutionProperties) = preSolution
		HideSolutionNode = FALSE
	EndGlobalSection
EndGlobal
